
Microsoft Visual Studio Solution File, Format Version 12.00
# Visual Studio Version 17
VisualStudioVersion = 17.3.32825.248
MinimumVisualStudioVersion = 10.0.40219.1
Project("{8BC9CEB8-8B4A-11D0-8D11-00A0C91BC942}") = "Assignment3_Question5", "Assignment3_Question5\Assignment3_Question5.vcxproj", "{F958C91F-F802-47C3-9520-85A4AE86ED9A}"
EndProject
Global
	GlobalSection(SolutionConfigurationPlatforms) = preSolution
		Debug|x64 = Debug|x64
		Debug|x86 = Debug|x86
		Release|x64 = Release|x64
		Release|x86 = Release|x86
	EndGlobalSection
	GlobalSection(ProjectConfigurationPlatforms) = postSolution
		{F958C91F-F802-47C3-9520-85A4AE86ED9A}.Debug|x64.ActiveCfg = Debug|x64
		{F958C91F-F802-47C3-9520-85A4AE86ED9A}.Debug|x64.Build.0 = Debug|x64
		{F958C91F-F802-47C3-9520-85A4AE86ED9A}.Debug|x86.ActiveCfg = Debug|Win32
		{F958C91F-F802-47C3-9520-85A4AE86ED9A}.Debug|x86.Build.0 = Debug|Win32
		{F958C91F-F802-47C3-9520-85A4AE86ED9A}.Release|x64.ActiveCfg = Release|x64
		{F958C91F-F802-47C3-9520-85A4AE86ED9A}.Release|x64.Build.0 = Release|x64
		{F958C91F-F802-47C3-9520-85A4AE86ED9A}.Release|x86.ActiveCfg = Release|Win32
		{F958C91F-F802-47C3-9520-85A4AE86ED9A}.Release|x86.Build.0 = Release|Win32
	EndGlobalSection
	GlobalSection(SolutionProperties) = preSolution
		HideSolutionNode = FALSE
	EndGlobalSection
	GlobalSection(ExtensibilityGlobals) = postSolution
		SolutionGuid = {87B2E9C6-05E3-405D-A194-0EECCDC27AC6}
	EndGlobalSection
EndGlobal
